{
  "name": "bs-slash-create",
  "version": "21.0.0-pre.0",
  "lockfileVersion": 2,
  "requires": true,
  "packages": {
    "": {
      "version": "21.0.0-pre.0",
      "license": "ISC",
      "devDependencies": {
        "bs-platform": "^9.0.1",
        "bsdoc": "^6.0.4-alpha"
      }
    },
    "node_modules/bs-platform": {
      "version": "9.0.1",
      "resolved": "https://registry.npmjs.org/bs-platform/-/bs-platform-9.0.1.tgz",
      "integrity": "sha512-RxUrwxVBCx9AiiyFIthZwfPn+tAn9noRHCb9xJK4Uw2deGxIytqyoWDepMbH35v7EpxX0OhfXL5RrjHTaXersA==",
      "dev": true,
      "hasInstallScript": true,
      "bin": {
        "bsb": "bsb",
        "bsc": "bsc",
        "bsrefmt": "bsrefmt",
        "bstracing": "lib/bstracing"
      }
    },
    "node_modules/bsdoc": {
      "version": "6.0.4-alpha",
      "resolved": "https://registry.npmjs.org/bsdoc/-/bsdoc-6.0.4-alpha.tgz",
      "integrity": "sha512-9m4MebWxv2gWHpg563CGJ1yPkpNpElKV7fPvjDhAw5VPjD0+EXX2S0Qx6UM/xmOOBmfJtp1YTvXfA9/UFd7aOg==",
      "dev": true,
      "hasInstallScript": true,
      "bin": {
        "bsdoc": "bin/bsdoc"
      }
    }
  },
  "dependencies": {
    "bs-platform": {
      "version": "9.0.1",
      "resolved": "https://registry.npmjs.org/bs-platform/-/bs-platform-9.0.1.tgz",
      "integrity": "sha512-RxUrwxVBCx9AiiyFIthZwfPn+tAn9noRHCb9xJK4Uw2deGxIytqyoWDepMbH35v7EpxX0OhfXL5RrjHTaXersA==",
      "dev": true
    },
    "bsdoc": {
      "version": "6.0.4-alpha",
      "resolved": "https://registry.npmjs.org/bsdoc/-/bsdoc-6.0.4-alpha.tgz",
      "integrity": "sha512-9m4MebWxv2gWHpg563CGJ1yPkpNpElKV7fPvjDhAw5VPjD0+EXX2S0Qx6UM/xmOOBmfJtp1YTvXfA9/UFd7aOg==",
      "dev": true
    }
  }
}
